
Microsoft Visual Studio Solution File, Format Version 12.00
# Visual Studio 2012
Project("{00D1A9C2-B5F0-4AF3-8072-F6C62B433612}") = "Aphelion.DB.LoadQueue", "Aphelion.DB.LoadQueue\Aphelion.DB.LoadQueue.sqlproj", "{9226046E-0594-4E1B-BAA4-FA88840EB0DC}"
EndProject
Project("{00D1A9C2-B5F0-4AF3-8072-F6C62B433612}") = "Aphelion.DB.Scheduler", "Aphelion.DB.Scheduler\Aphelion.DB.Scheduler.sqlproj", "{96EB22C3-1E5B-481A-A01E-7F3A7F578B5B}"
EndProject
Project("{00D1A9C2-B5F0-4AF3-8072-F6C62B433612}") = "Aphelion.DB.Balancing", "Aphelion.DB.Balancing\Aphelion.DB.Balancing.sqlproj", "{D9C93B98-BF98-4CAF-80ED-9D57898FD345}"
EndProject
Project("{00D1A9C2-B5F0-4AF3-8072-F6C62B433612}") = "Aphelion.DB.MetaData", "Aphelion.DB.MetaData\Aphelion.DB.MetaData.sqlproj", "{89249EA8-8770-4CD0-8453-E8B375B8BFE3}"
EndProject
Project("{00D1A9C2-B5F0-4AF3-8072-F6C62B433612}") = "Aphelion.DB.Logging", "Aphelion.DB.Logging\Aphelion.DB.Logging.sqlproj", "{6D9D3FD0-ED16-4222-9794-FE97FC791FD9}"
EndProject
Global
	GlobalSection(SolutionConfigurationPlatforms) = preSolution
		Debug|Any CPU = Debug|Any CPU
		Release|Any CPU = Release|Any CPU
	EndGlobalSection
	GlobalSection(ProjectConfigurationPlatforms) = postSolution
		{9226046E-0594-4E1B-BAA4-FA88840EB0DC}.Debug|Any CPU.ActiveCfg = Debug|Any CPU
		{9226046E-0594-4E1B-BAA4-FA88840EB0DC}.Debug|Any CPU.Build.0 = Debug|Any CPU
		{9226046E-0594-4E1B-BAA4-FA88840EB0DC}.Debug|Any CPU.Deploy.0 = Debug|Any CPU
		{9226046E-0594-4E1B-BAA4-FA88840EB0DC}.Release|Any CPU.ActiveCfg = Release|Any CPU
		{9226046E-0594-4E1B-BAA4-FA88840EB0DC}.Release|Any CPU.Build.0 = Release|Any CPU
		{9226046E-0594-4E1B-BAA4-FA88840EB0DC}.Release|Any CPU.Deploy.0 = Release|Any CPU
		{96EB22C3-1E5B-481A-A01E-7F3A7F578B5B}.Debug|Any CPU.ActiveCfg = Debug|Any CPU
		{96EB22C3-1E5B-481A-A01E-7F3A7F578B5B}.Debug|Any CPU.Build.0 = Debug|Any CPU
		{96EB22C3-1E5B-481A-A01E-7F3A7F578B5B}.Debug|Any CPU.Deploy.0 = Debug|Any CPU
		{96EB22C3-1E5B-481A-A01E-7F3A7F578B5B}.Release|Any CPU.ActiveCfg = Release|Any CPU
		{96EB22C3-1E5B-481A-A01E-7F3A7F578B5B}.Release|Any CPU.Build.0 = Release|Any CPU
		{96EB22C3-1E5B-481A-A01E-7F3A7F578B5B}.Release|Any CPU.Deploy.0 = Release|Any CPU
		{D9C93B98-BF98-4CAF-80ED-9D57898FD345}.Debug|Any CPU.ActiveCfg = Debug|Any CPU
		{D9C93B98-BF98-4CAF-80ED-9D57898FD345}.Debug|Any CPU.Build.0 = Debug|Any CPU
		{D9C93B98-BF98-4CAF-80ED-9D57898FD345}.Debug|Any CPU.Deploy.0 = Debug|Any CPU
		{D9C93B98-BF98-4CAF-80ED-9D57898FD345}.Release|Any CPU.ActiveCfg = Release|Any CPU
		{D9C93B98-BF98-4CAF-80ED-9D57898FD345}.Release|Any CPU.Build.0 = Release|Any CPU
		{D9C93B98-BF98-4CAF-80ED-9D57898FD345}.Release|Any CPU.Deploy.0 = Release|Any CPU
		{89249EA8-8770-4CD0-8453-E8B375B8BFE3}.Debug|Any CPU.ActiveCfg = Debug|Any CPU
		{89249EA8-8770-4CD0-8453-E8B375B8BFE3}.Debug|Any CPU.Build.0 = Debug|Any CPU
		{89249EA8-8770-4CD0-8453-E8B375B8BFE3}.Debug|Any CPU.Deploy.0 = Debug|Any CPU
		{89249EA8-8770-4CD0-8453-E8B375B8BFE3}.Release|Any CPU.ActiveCfg = Release|Any CPU
		{89249EA8-8770-4CD0-8453-E8B375B8BFE3}.Release|Any CPU.Build.0 = Release|Any CPU
		{89249EA8-8770-4CD0-8453-E8B375B8BFE3}.Release|Any CPU.Deploy.0 = Release|Any CPU
		{6D9D3FD0-ED16-4222-9794-FE97FC791FD9}.Debug|Any CPU.ActiveCfg = Debug|Any CPU
		{6D9D3FD0-ED16-4222-9794-FE97FC791FD9}.Debug|Any CPU.Build.0 = Debug|Any CPU
		{6D9D3FD0-ED16-4222-9794-FE97FC791FD9}.Debug|Any CPU.Deploy.0 = Debug|Any CPU
		{6D9D3FD0-ED16-4222-9794-FE97FC791FD9}.Release|Any CPU.ActiveCfg = Release|Any CPU
		{6D9D3FD0-ED16-4222-9794-FE97FC791FD9}.Release|Any CPU.Build.0 = Release|Any CPU
		{6D9D3FD0-ED16-4222-9794-FE97FC791FD9}.Release|Any CPU.Deploy.0 = Release|Any CPU
	EndGlobalSection
	GlobalSection(SolutionProperties) = preSolution
		HideSolutionNode = FALSE
	EndGlobalSection
EndGlobal
